// !$*UTF8*$!
{
	archiveVersion = 1;
	classes = {
	};
	objectVersion = 51;
	objects = {

/* Begin PBXBuildFile section */
		6D76681FF77F209FD4843E8E /* Pods_CoreAnimationDemo.framework in Frameworks */ = {isa = PBXBuildFile; fileRef = 8C4C0219B0A35FBF9AA04CF5 /* Pods_CoreAnimationDemo.framework */; };
		AAA6A4262692A996009918E1 /* AppDelegate.swift in Sources */ = {isa = PBXBuildFile; fileRef = AAA6A4252692A996009918E1 /* AppDelegate.swift */; };
		AAA6A42A2692A996009918E1 /* ViewController.swift in Sources */ = {isa = PBXBuildFile; fileRef = AAA6A4292692A996009918E1 /* ViewController.swift */; };
		AAA6A42D2692A996009918E1 /* Main.storyboard in Resources */ = {isa = PBXBuildFile; fileRef = AAA6A42B2692A996009918E1 /* Main.storyboard */; };
		AAA6A42F2692A997009918E1 /* Assets.xcassets in Resources */ = {isa = PBXBuildFile; fileRef = AAA6A42E2692A997009918E1 /* Assets.xcassets */; };
		AAA6A4322692A997009918E1 /* LaunchScreen.storyboard in Resources */ = {isa = PBXBuildFile; fileRef = AAA6A4302692A997009918E1 /* LaunchScreen.storyboard */; };
		AAA6A43A2692AF1E009918E1 /* Components.swift in Sources */ = {isa = PBXBuildFile; fileRef = AAA6A4392692AF1E009918E1 /* Components.swift */; };
		AAA6A43C2692B228009918E1 /* BasicAnimation.swift in Sources */ = {isa = PBXBuildFile; fileRef = AAA6A43B2692B228009918E1 /* BasicAnimation.swift */; };
/* End PBXBuildFile section */

/* Begin PBXFileReference section */
		8C4C0219B0A35FBF9AA04CF5 /* Pods_CoreAnimationDemo.framework */ = {isa = PBXFileReference; explicitFileType = wrapper.framework; includeInIndex = 0; path = Pods_CoreAnimationDemo.framework; sourceTree = BUILT_PRODUCTS_DIR; };
		AAA6A4222692A996009918E1 /* CoreAnimationDemo.app */ = {isa = PBXFileReference; explicitFileType = wrapper.application; includeInIndex = 0; path = CoreAnimationDemo.app; sourceTree = BUILT_PRODUCTS_DIR; };
		AAA6A4252692A996009918E1 /* AppDelegate.swift */ = {isa = PBXFileReference; lastKnownFileType = sourcecode.swift; path = AppDelegate.swift; sourceTree = "<group>"; };
		AAA6A4292692A996009918E1 /* ViewController.swift */ = {isa = PBXFileReference; lastKnownFileType = sourcecode.swift; path = ViewController.swift; sourceTree = "<group>"; };
		AAA6A42C2692A996009918E1 /* Base */ = {isa = PBXFileReference; lastKnownFileType = file.storyboard; name = Base; path = Base.lproj/Main.storyboard; sourceTree = "<group>"; };
		AAA6A42E2692A997009918E1 /* Assets.xcassets */ = {isa = PBXFileReference; lastKnownFileType = folder.assetcatalog; path = Assets.xcassets; sourceTree = "<group>"; };
		AAA6A4312692A997009918E1 /* Base */ = {isa = PBXFileReference; lastKnownFileType = file.storyboard; name = Base; path = Base.lproj/LaunchScreen.storyboard; sourceTree = "<group>"; };
		AAA6A4332692A997009918E1 /* Info.plist */ = {isa = PBXFileReference; lastKnownFileType = text.plist.xml; path = Info.plist; sourceTree = "<group>"; };
		AAA6A4392692AF1E009918E1 /* Components.swift */ = {isa = PBXFileReference; lastKnownFileType = sourcecode.swift; path = Components.swift; sourceTree = "<group>"; };
		AAA6A43B2692B228009918E1 /* BasicAnimation.swift */ = {isa = PBXFileReference; lastKnownFileType = sourcecode.swift; path = BasicAnimation.swift; sourceTree = "<group>"; };
		C6435DDD7C949233A4346837 /* Pods-CoreAnimationDemo.debug.xcconfig */ = {isa = PBXFileReference; includeInIndex = 1; lastKnownFileType = text.xcconfig; name = "Pods-CoreAnimationDemo.debug.xcconfig"; path = "Target Support Files/Pods-CoreAnimationDemo/Pods-CoreAnimationDemo.debug.xcconfig"; sourceTree = "<group>"; };
		D35595C612D38C78D51DBD16 /* Pods-CoreAnimationDemo.release.xcconfig */ = {isa = PBXFileReference; includeInIndex = 1; lastKnownFileType = text.xcconfig; name = "Pods-CoreAnimationDemo.release.xcconfig"; path = "Target Support Files/Pods-CoreAnimationDemo/Pods-CoreAnimationDemo.release.xcconfig"; sourceTree = "<group>"; };
/* End PBXFileReference section */

/* Begin PBXFrameworksBuildPhase section */
		AAA6A41F2692A996009918E1 /* Frameworks */ = {
			isa = PBXFrameworksBuildPhase;
			buildActionMask = 2147483647;
			files = (
				6D76681FF77F209FD4843E8E /* Pods_CoreAnimationDemo.framework in Frameworks */,
			);
			runOnlyForDeploymentPostprocessing = 0;
		};
/* End PBXFrameworksBuildPhase section */

/* Begin PBXGroup section */
		684E36355D49862C62740ACE /* Frameworks */ = {
			isa = PBXGroup;
			children = (
				8C4C0219B0A35FBF9AA04CF5 /* Pods_CoreAnimationDemo.framework */,
			);
			name = Frameworks;
			sourceTree = "<group>";
		};
		AAA6A4192692A996009918E1 = {
			isa = PBXGroup;
			children = (
				AAA6A4242692A996009918E1 /* CoreAnimationDemo */,
				AAA6A4232692A996009918E1 /* Products */,
				C5D6741DBA699456280BA0D0 /* Pods */,
				684E36355D49862C62740ACE /* Frameworks */,
			);
			sourceTree = "<group>";
		};
		AAA6A4232692A996009918E1 /* Products */ = {
			isa = PBXGroup;
			children = (
				AAA6A4222692A996009918E1 /* CoreAnimationDemo.app */,
			);
			name = Products;
			sourceTree = "<group>";
		};
		AAA6A4242692A996009918E1 /* CoreAnimationDemo */ = {
			isa = PBXGroup;
			children = (
				AAA6A4252692A996009918E1 /* AppDelegate.swift */,
				AAA6A42E2692A997009918E1 /* Assets.xcassets */,
				AAA6A4292692A996009918E1 /* ViewController.swift */,
				AAA6A4392692AF1E009918E1 /* Components.swift */,
				AAA6A43B2692B228009918E1 /* BasicAnimation.swift */,
				AAA6A42B2692A996009918E1 /* Main.storyboard */,
				AAA6A4302692A997009918E1 /* LaunchScreen.storyboard */,
				AAA6A4332692A997009918E1 /* Info.plist */,
			);
			path = CoreAnimationDemo;
			sourceTree = "<group>";
		};
		C5D6741DBA699456280BA0D0 /* Pods */ = {
			isa = PBXGroup;
			children = (
				C6435DDD7C949233A4346837 /* Pods-CoreAnimationDemo.debug.xcconfig */,
				D35595C612D38C78D51DBD16 /* Pods-CoreAnimationDemo.release.xcconfig */,
			);
			path = Pods;
			sourceTree = "<group>";
		};
/* End PBXGroup section */

/* Begin PBXNativeTarget section */
		AAA6A4212692A996009918E1 /* CoreAnimationDemo */ = {
			isa = PBXNativeTarget;
			buildConfigurationList = AAA6A4362692A997009918E1 /* Build configuration list for PBXNativeTarget "CoreAnimationDemo" */;
			buildPhases = (
				30E1F46158F484EF340D7D0B /* [CP] Check Pods Manifest.lock */,
				AAA6A41E2692A996009918E1 /* Sources */,
				AAA6A41F2692A996009918E1 /* Frameworks */,
				AAA6A4202692A996009918E1 /* Resources */,
				1E7996606DE88CD5ADFC4E93 /* [CP] Embed Pods Frameworks */,
			);
			buildRules = (
			);
			dependencies = (
			);
			name = CoreAnimationDemo;
			productName = CoreAnimationDemo;
			productReference = AAA6A4222692A996009918E1 /* CoreAnimationDemo.app */;
			productType = "com.apple.product-type.application";
		};
/* End PBXNativeTarget section */

/* Begin PBXProject section */
		AAA6A41A2692A996009918E1 /* Project object */ = {
			isa = PBXProject;
			attributes = {
				LastSwiftUpdateCheck = 1250;
				LastUpgradeCheck = 1250;
				TargetAttributes = {
					AAA6A4212692A996009918E1 = {
						CreatedOnToolsVersion = 12.5.1;
					};
				};
			};
			buildConfigurationList = AAA6A41D2692A996009918E1 /* Build configuration list for PBXProject "CoreAnimationDemo" */;
			compatibilityVersion = "Xcode 9.3";
			developmentRegion = en;
			hasScannedForEncodings = 0;
			knownRegions = (
				en,
				Base,
			);
			mainGroup = AAA6A4192692A996009918E1;
			productRefGroup = AAA6A4232692A996009918E1 /* Products */;
			projectDirPath = "";
			projectRoot = "";
			targets = (
				AAA6A4212692A996009918E1 /* CoreAnimationDemo */,
			);
		};
/* End PBXProject section */

/* Begin PBXResourcesBuildPhase section */
		AAA6A4202692A996009918E1 /* Resources */ = {
			isa = PBXResourcesBuildPhase;
			buildActionMask = 2147483647;
			files = (
				AAA6A4322692A997009918E1 /* LaunchScreen.storyboard in Resources */,
				AAA6A42F2692A997009918E1 /* Assets.xcassets in Resources */,
				AAA6A42D2692A996009918E1 /* Main.storyboard in Resources */,
			);
			runOnlyForDeploymentPostprocessing = 0;
		};
/* End PBXResourcesBuildPhase section */

/* Begin PBXShellScriptBuildPhase section */
		1E7996606DE88CD5ADFC4E93 /* [CP] Embed Pods Frameworks */ = {
			isa = PBXShellScriptBuildPhase;
			buildActionMask = 2147483647;
			files = (
			);
			inputFileListPaths = (
				"${PODS_ROOT}/Target Support Files/Pods-CoreAnimationDemo/Pods-CoreAnimationDemo-frameworks-${CONFIGURATION}-input-files.xcfilelist",
			);
			name = "[CP] Embed Pods Frameworks";
			outputFileListPaths = (
				"${PODS_ROOT}/Target Support Files/Pods-CoreAnimationDemo/Pods-CoreAnimationDemo-frameworks-${CONFIGURATION}-output-files.xcfilelist",
			);
			runOnlyForDeploymentPostprocessing = 0;
			shellPath = /bin/sh;
			shellScript = "\"${PODS_ROOT}/Target Support Files/Pods-CoreAnimationDemo/Pods-CoreAnimationDemo-frameworks.sh\"\n";
			showEnvVarsInLog = 0;
		};
		30E1F46158F484EF340D7D0B /* [CP] Check Pods Manifest.lock */ = {
			isa = PBXShellScriptBuildPhase;
			buildActionMask = 2147483647;
			files = (
			);
			inputFileListPaths = (
			);
			inputPaths = (
				"${PODS_PODFILE_DIR_PATH}/Podfile.lock",
				"${PODS_ROOT}/Manifest.lock",
			);
			name = "[CP] Check Pods Manifest.lock";
			outputFileListPaths = (
			);
			outputPaths = (
				"$(DERIVED_FILE_DIR)/Pods-CoreAnimationDemo-checkManifestLockResult.txt",
			);
			runOnlyForDeploymentPostprocessing = 0;
			shellPath = /bin/sh;
			shellScript = "diff \"${PODS_PODFILE_DIR_PATH}/Podfile.lock\" \"${PODS_ROOT}/Manifest.lock\" > /dev/null\nif [ $? != 0 ] ; then\n    # print error to STDERR\n    echo \"error: The sandbox is not in sync with the Podfile.lock. Run 'pod install' or update your CocoaPods installation.\" >&2\n    exit 1\nfi\n# This output is used by Xcode 'outputs' to avoid re-running this script phase.\necho \"SUCCESS\" > \"${SCRIPT_OUTPUT_FILE_0}\"\n";
			showEnvVarsInLog = 0;
		};
/* End PBXShellScriptBuildPhase section */

/* Begin PBXSourcesBuildPhase section */
		AAA6A41E2692A996009918E1 /* Sources */ = {
			isa = PBXSourcesBuildPhase;
			buildActionMask = 2147483647;
			files = (
				AAA6A42A2692A996009918E1 /* ViewController.swift in Sources */,
				AAA6A43C2692B228009918E1 /* BasicAnimation.swift in Sources */,
				AAA6A43A2692AF1E009918E1 /* Components.swift in Sources */,
				AAA6A4262692A996009918E1 /* AppDelegate.swift in Sources */,
			);
			runOnlyForDeploymentPostprocessing = 0;
		};
/* End PBXSourcesBuildPhase section */

/* Begin PBXVariantGroup section */
		AAA6A42B2692A996009918E1 /* Main.storyboard */ = {
			isa = PBXVariantGroup;
			children = (
				AAA6A42C2692A996009918E1 /* Base */,
			);
			name = Main.storyboard;
			sourceTree = "<group>";
		};
		AAA6A4302692A997009918E1 /* LaunchScreen.storyboard */ = {
			isa = PBXVariantGroup;
			children = (
				AAA6A4312692A997009918E1 /* Base */,
			);
			name = LaunchScreen.storyboard;
			sourceTree = "<group>";
		};
/* End PBXVariantGroup section */

/* Begin XCBuildConfiguration section */
		AAA6A4342692A997009918E1 /* Debug */ = {
			isa = XCBuildConfiguration;
			buildSettings = {
				ALWAYS_SEARCH_USER_PATHS = NO;
				CLANG_ANALYZER_NONNULL = YES;
				CLANG_ANALYZER_NUMBER_OBJECT_CONVERSION = YES_AGGRESSIVE;
				CLANG_CXX_LANGUAGE_STANDARD = "gnu++14";
				CLANG_CXX_LIBRARY = "libc++";
				CLANG_ENABLE_MODULES = YES;
				CLANG_ENABLE_OBJC_ARC = YES;
				CLANG_ENABLE_OBJC_WEAK = YES;
				CLANG_WARN_BLOCK_CAPTURE_AUTORELEASING = YES;
				CLANG_WARN_BOOL_CONVERSION = YES;
				CLANG_WARN_COMMA = YES;
				CLANG_WARN_CONSTANT_CONVERSION = YES;
				CLANG_WARN_DEPRECATED_OBJC_IMPLEMENTATIONS = YES;
				CLANG_WARN_DIRECT_OBJC_ISA_USAGE = YES_ERROR;
				CLANG_WARN_DOCUMENTATION_COMMENTS = YES;
				CLANG_WARN_EMPTY_BODY = YES;
				CLANG_WARN_ENUM_CONVERSION = YES;
				CLANG_WARN_INFINITE_RECURSION = YES;
				CLANG_WARN_INT_CONVERSION = YES;
				CLANG_WARN_NON_LITERAL_NULL_CONVERSION = YES;
				CLANG_WARN_OBJC_IMPLICIT_RETAIN_SELF = YES;
				CLANG_WARN_OBJC_LITERAL_CONVERSION = YES;
				CLANG_WARN_OBJC_ROOT_CLASS = YES_ERROR;
				CLANG_WARN_QUOTED_INCLUDE_IN_FRAMEWORK_HEADER = YES;
				CLANG_WARN_RANGE_LOOP_ANALYSIS = YES;
				CLANG_WARN_STRICT_PROTOTYPES = YES;
				CLANG_WARN_SUSPICIOUS_MOVE = YES;
				CLANG_WARN_UNGUARDED_AVAILABILITY = YES_AGGRESSIVE;
				CLANG_WARN_UNREACHABLE_CODE = YES;
				CLANG_WARN__DUPLICATE_METHOD_MATCH = YES;
				COPY_PHASE_STRIP = NO;
				DEBUG_INFORMATION_FORMAT = dwarf;
				ENABLE_STRICT_OBJC_MSGSEND = YES;
				ENABLE_TESTABILITY = YES;
				GCC_C_LANGUAGE_STANDARD = gnu11;
				GCC_DYNAMIC_NO_PIC = NO;
				GCC_NO_COMMON_BLOCKS = YES;
				GCC_OPTIMIZATION_LEVEL = 0;
				GCC_PREPROCESSOR_DEFINITIONS = (
					"DEBUG=1",
					"$(inherited)",
				);
				GCC_WARN_64_TO_32_BIT_CONVERSION = YES;
				GCC_WARN_ABOUT_RETURN_TYPE = YES_ERROR;
				GCC_WARN_UNDECLARED_SELECTOR = YES;
				GCC_WARN_UNINITIALIZED_AUTOS = YES_AGGRESSIVE;
				GCC_WARN_UNUSED_FUNCTION = YES;
				GCC_WARN_UNUSED_VARIABLE = YES;
				IPHONEOS_DEPLOYMENT_TARGET = 14.5;
				MTL_ENABLE_DEBUG_INFO = INCLUDE_SOURCE;
				MTL_FAST_MATH = YES;
				ONLY_ACTIVE_ARCH = YES;
				SDKROOT = iphoneos;
				SWIFT_ACTIVE_COMPILATION_CONDITIONS = DEBUG;
				SWIFT_OPTIMIZATION_LEVEL = "-Onone";
			};
			name = Debug;
		};
		AAA6A4352692A997009918E1 /* Release */ = {
			isa = XCBuildConfiguration;
			buildSettings = {
				ALWAYS_SEARCH_USER_PATHS = NO;
				CLANG_ANALYZER_NONNULL = YES;
				CLANG_ANALYZER_NUMBER_OBJECT_CONVERSION = YES_AGGRESSIVE;
				CLANG_CXX_LANGUAGE_STANDARD = "gnu++14";
				CLANG_CXX_LIBRARY = "libc++";
				CLANG_ENABLE_MODULES = YES;
				CLANG_ENABLE_OBJC_ARC = YES;
				CLANG_ENABLE_OBJC_WEAK = YES;
				CLANG_WARN_BLOCK_CAPTURE_AUTORELEASING = YES;
				CLANG_WARN_BOOL_CONVERSION = YES;
				CLANG_WARN_COMMA = YES;
				CLANG_WARN_CONSTANT_CONVERSION = YES;
				CLANG_WARN_DEPRECATED_OBJC_IMPLEMENTATIONS = YES;
				CLANG_WARN_DIRECT_OBJC_ISA_USAGE = YES_ERROR;
				CLANG_WARN_DOCUMENTATION_COMMENTS = YES;
				CLANG_WARN_EMPTY_BODY = YES;
				CLANG_WARN_ENUM_CONVERSION = YES;
				CLANG_WARN_INFINITE_RECURSION = YES;
				CLANG_WARN_INT_CONVERSION = YES;
				CLANG_WARN_NON_LITERAL_NULL_CONVERSION = YES;
				CLANG_WARN_OBJC_IMPLICIT_RETAIN_SELF = YES;
				CLANG_WARN_OBJC_LITERAL_CONVERSION = YES;
				CLANG_WARN_OBJC_ROOT_CLASS = YES_ERROR;
				CLANG_WARN_QUOTED_INCLUDE_IN_FRAMEWORK_HEADER = YES;
				CLANG_WARN_RANGE_LOOP_ANALYSIS = YES;
				CLANG_WARN_STRICT_PROTOTYPES = YES;
				CLANG_WARN_SUSPICIOUS_MOVE = YES;
				CLANG_WARN_UNGUARDED_AVAILABILITY = YES_AGGRESSIVE;
				CLANG_WARN_UNREACHABLE_CODE = YES;
				CLANG_WARN__DUPLICATE_METHOD_MATCH = YES;
				COPY_PHASE_STRIP = NO;
				DEBUG_INFORMATION_FORMAT = "dwarf-with-dsym";
				ENABLE_NS_ASSERTIONS = NO;
				ENABLE_STRICT_OBJC_MSGSEND = YES;
				GCC_C_LANGUAGE_STANDARD = gnu11;
				GCC_NO_COMMON_BLOCKS = YES;
				GCC_WARN_64_TO_32_BIT_CONVERSION = YES;
				GCC_WARN_ABOUT_RETURN_TYPE = YES_ERROR;
				GCC_WARN_UNDECLARED_SELECTOR = YES;
				GCC_WARN_UNINITIALIZED_AUTOS = YES_AGGRESSIVE;
				GCC_WARN_UNUSED_FUNCTION = YES;
				GCC_WARN_UNUSED_VARIABLE = YES;
				IPHONEOS_DEPLOYMENT_TARGET = 14.5;
				MTL_ENABLE_DEBUG_INFO = NO;
				MTL_FAST_MATH = YES;
				SDKROOT = iphoneos;
				SWIFT_COMPILATION_MODE = wholemodule;
				SWIFT_OPTIMIZATION_LEVEL = "-O";
				VALIDATE_PRODUCT = YES;
			};
			name = Release;
		};
		AAA6A4372692A997009918E1 /* Debug */ = {
			isa = XCBuildConfiguration;
			baseConfigurationReference = C6435DDD7C949233A4346837 /* Pods-CoreAnimationDemo.debug.xcconfig */;
			buildSettings = {
				ASSETCATALOG_COMPILER_APPICON_NAME = AppIcon;
				ASSETCATALOG_COMPILER_GLOBAL_ACCENT_COLOR_NAME = AccentColor;
				CODE_SIGN_STYLE = Automatic;
				DEVELOPMENT_TEAM = FP4RAEQHC9;
				INFOPLIST_FILE = CoreAnimationDemo/Info.plist;
				IPHONEOS_DEPLOYMENT_TARGET = 13.0;
				LD_RUNPATH_SEARCH_PATHS = (
					"$(inherited)",
					"@executable_path/Frameworks",
				);
				PRODUCT_BUNDLE_IDENTIFIER = com.GDM.CoreAnimationDemo;
				PRODUCT_NAME = "$(TARGET_NAME)";
				SWIFT_VERSION = 5.0;
				TARGETED_DEVICE_FAMILY = "1,2";
			};
			name = Debug;
		};
		AAA6A4382692A997009918E1 /* Release */ = {
			isa = XCBuildConfiguration;
			baseConfigurationReference = D35595C612D38C78D51DBD16 /* Pods-CoreAnimationDemo.release.xcconfig */;
			buildSettings = {
				ASSETCATALOG_COMPILER_APPICON_NAME = AppIcon;
				ASSETCATALOG_COMPILER_GLOBAL_ACCENT_COLOR_NAME = AccentColor;
				CODE_SIGN_STYLE = Automatic;
				DEVELOPMENT_TEAM = FP4RAEQHC9;
				INFOPLIST_FILE = CoreAnimationDemo/Info.plist;
				IPHONEOS_DEPLOYMENT_TARGET = 13.0;
				LD_RUNPATH_SEARCH_PATHS = (
					"$(inherited)",
					"@executable_path/Frameworks",
				);
				PRODUCT_BUNDLE_IDENTIFIER = com.GDM.CoreAnimationDemo;
				PRODUCT_NAME = "$(TARGET_NAME)";
				SWIFT_VERSION = 5.0;
				TARGETED_DEVICE_FAMILY = "1,2";
			};
			name = Release;
		};
/* End XCBuildConfiguration section */

/* Begin XCConfigurationList section */
		AAA6A41D2692A996009918E1 /* Build configuration list for PBXProject "CoreAnimationDemo" */ = {
			isa = XCConfigurationList;
			buildConfigurations = (
				AAA6A4342692A997009918E1 /* Debug */,
				AAA6A4352692A997009918E1 /* Release */,
			);
			defaultConfigurationIsVisible = 0;
			defaultConfigurationName = Release;
		};
		AAA6A4362692A997009918E1 /* Build configuration list for PBXNativeTarget "CoreAnimationDemo" */ = {
			isa = XCConfigurationList;
			buildConfigurations = (
				AAA6A4372692A997009918E1 /* Debug */,
				AAA6A4382692A997009918E1 /* Release */,
			);
			defaultConfigurationIsVisible = 0;
			defaultConfigurationName = Release;
		};
/* End XCConfigurationList section */
	};
	rootObject = AAA6A41A2692A996009918E1 /* Project object */;
}
